
Microsoft Visual Studio Solution File, Format Version 12.00
# Visual Studio Version 17
VisualStudioVersion = 17.5.33627.172
MinimumVisualStudioVersion = 10.0.40219.1
Project("{FAE04EC0-301F-11D3-BF4B-00C04F79EFBC}") = "University Catering System", "University Catering System\University Catering System.csproj", "{CA646DD5-81D9-4224-9B7D-6AC9D913223A}"
EndProject
Global
	GlobalSection(SolutionConfigurationPlatforms) = preSolution
		Debug|Any CPU = Debug|Any CPU
		Release|Any CPU = Release|Any CPU
	EndGlobalSection
	GlobalSection(ProjectConfigurationPlatforms) = postSolution
		{CA646DD5-81D9-4224-9B7D-6AC9D913223A}.Debug|Any CPU.ActiveCfg = Debug|Any CPU
		{CA646DD5-81D9-4224-9B7D-6AC9D913223A}.Debug|Any CPU.Build.0 = Debug|Any CPU
		{CA646DD5-81D9-4224-9B7D-6AC9D913223A}.Release|Any CPU.ActiveCfg = Release|Any CPU
		{CA646DD5-81D9-4224-9B7D-6AC9D913223A}.Release|Any CPU.Build.0 = Release|Any CPU
	EndGlobalSection
	GlobalSection(SolutionProperties) = preSolution
		HideSolutionNode = FALSE
	EndGlobalSection
	GlobalSection(ExtensibilityGlobals) = postSolution
		SolutionGuid = {53EFDD52-E26D-4E4F-826B-712A1CBD9723}
	EndGlobalSection
EndGlobal
